
Microsoft Visual Studio Solution File, Format Version 12.00
# Visual Studio Version 17
VisualStudioVersion = 17.7.34003.232
MinimumVisualStudioVersion = 10.0.40219.1
Project("{FAE04EC0-301F-11D3-BF4B-00C04F79EFBC}") = "QuizAppApi", "QuizAppApi\QuizAppApi.csproj", "{D9CDDB9F-7CBC-47F1-ABCB-8B5CA2C8AE99}"
EndProject
Global
	GlobalSection(SolutionConfigurationPlatforms) = preSolution
		Debug|Any CPU = Debug|Any CPU
		Release|Any CPU = Release|Any CPU
	EndGlobalSection
	GlobalSection(ProjectConfigurationPlatforms) = postSolution
		{D9CDDB9F-7CBC-47F1-ABCB-8B5CA2C8AE99}.Debug|Any CPU.ActiveCfg = Debug|Any CPU
		{D9CDDB9F-7CBC-47F1-ABCB-8B5CA2C8AE99}.Debug|Any CPU.Build.0 = Debug|Any CPU
		{D9CDDB9F-7CBC-47F1-ABCB-8B5CA2C8AE99}.Release|Any CPU.ActiveCfg = Release|Any CPU
		{D9CDDB9F-7CBC-47F1-ABCB-8B5CA2C8AE99}.Release|Any CPU.Build.0 = Release|Any CPU
	EndGlobalSection
	GlobalSection(SolutionProperties) = preSolution
		HideSolutionNode = FALSE
	EndGlobalSection
	GlobalSection(ExtensibilityGlobals) = postSolution
		SolutionGuid = {5CF08677-5F18-4310-98C6-FB131B1EB6B9}
	EndGlobalSection
EndGlobal
